
Microsoft Visual Studio Solution File, Format Version 12.00
# Visual Studio 2013
VisualStudioVersion = 12.0.30723.0
MinimumVisualStudioVersion = 10.0.40219.1
Project("{FAE04EC0-301F-11D3-BF4B-00C04F79EFBC}") = "nmct.ba.cashlessproject.tempui", "nmct.ba.cashlessproject.tempui\nmct.ba.cashlessproject.tempui.csproj", "{C8528155-49EC-4743-90D9-2C9CB9496F66}"
EndProject
Project("{FAE04EC0-301F-11D3-BF4B-00C04F79EFBC}") = "nmct.ba.cashlessproject.model", "nmct.ba.cashlessproject.model\nmct.ba.cashlessproject.model.csproj", "{E2744291-ED23-45AF-BA70-143A372362C6}"
EndProject
Project("{FAE04EC0-301F-11D3-BF4B-00C04F79EFBC}") = "nmct.ba.cashlessproject.api", "nmct.ba.cashlessproject.api\nmct.ba.cashlessproject.api.csproj", "{0D2627A1-CE92-4DF3-A299-439AA6BEA0AA}"
EndProject
Global
	GlobalSection(SolutionConfigurationPlatforms) = preSolution
		Debug|Any CPU = Debug|Any CPU
		Release|Any CPU = Release|Any CPU
	EndGlobalSection
	GlobalSection(ProjectConfigurationPlatforms) = postSolution
		{C8528155-49EC-4743-90D9-2C9CB9496F66}.Debug|Any CPU.ActiveCfg = Debug|Any CPU
		{C8528155-49EC-4743-90D9-2C9CB9496F66}.Debug|Any CPU.Build.0 = Debug|Any CPU
		{C8528155-49EC-4743-90D9-2C9CB9496F66}.Release|Any CPU.ActiveCfg = Release|Any CPU
		{C8528155-49EC-4743-90D9-2C9CB9496F66}.Release|Any CPU.Build.0 = Release|Any CPU
		{E2744291-ED23-45AF-BA70-143A372362C6}.Debug|Any CPU.ActiveCfg = Debug|Any CPU
		{E2744291-ED23-45AF-BA70-143A372362C6}.Debug|Any CPU.Build.0 = Debug|Any CPU
		{E2744291-ED23-45AF-BA70-143A372362C6}.Release|Any CPU.ActiveCfg = Release|Any CPU
		{E2744291-ED23-45AF-BA70-143A372362C6}.Release|Any CPU.Build.0 = Release|Any CPU
		{0D2627A1-CE92-4DF3-A299-439AA6BEA0AA}.Debug|Any CPU.ActiveCfg = Debug|Any CPU
		{0D2627A1-CE92-4DF3-A299-439AA6BEA0AA}.Debug|Any CPU.Build.0 = Debug|Any CPU
		{0D2627A1-CE92-4DF3-A299-439AA6BEA0AA}.Release|Any CPU.ActiveCfg = Release|Any CPU
		{0D2627A1-CE92-4DF3-A299-439AA6BEA0AA}.Release|Any CPU.Build.0 = Release|Any CPU
	EndGlobalSection
	GlobalSection(SolutionProperties) = preSolution
		HideSolutionNode = FALSE
	EndGlobalSection
EndGlobal
